{
  "name": "flutter-supabase-helper",
  "version": "1.0.0",
  "lockfileVersion": 3,
  "requires": true,
  "packages": {
    "": {
      "name": "flutter-supabase-helper",
      "version": "1.0.0",
      "license": "MIT",
      "dependencies": {
        "tree-sitter-dart": "^1.0.0",
        "tree-sitter-wasms": "^0.1.13",
        "web-tree-sitter": "^0.21.0"
      },
      "bin": {
        "flutter-supabase-helper": "out/cli.js"
      },
      "devDependencies": {
        "@types/node": "^20.11.0",
        "@types/vscode": "^1.85.0",
        "typescript": "^5.3.3"
      },
      "engines": {
        "node": ">=18.0.0",
        "vscode": "^1.85.0"
      }
    },
    "node_modules/@types/node": {
      "version": "20.19.39",
      "resolved": "https://registry.npmjs.org/@types/node/-/node-20.19.39.tgz",
      "integrity": "sha512-orrrD74MBUyK8jOAD/r0+lfa1I2MO6I+vAkmAWzMYbCcgrN4lCrmK52gRFQq/JRxfYPfonkr4b0jcY7Olqdqbw==",
      "dev": true,
      "license": "MIT",
      "dependencies": {
        "undici-types": "~6.21.0"
      }
    },
    "node_modules/@types/vscode": {
      "version": "1.115.0",
      "resolved": "https://registry.npmjs.org/@types/vscode/-/vscode-1.115.0.tgz",
      "integrity": "sha512-/M8cdznOlqtMqduHKKlIF00v4eum4ZWKgn8YoPRKcN6PDdvoWeeqDaQSnw63ipDbq1Uzz78Wndk/d0uSPwORfA==",
      "dev": true,
      "license": "MIT"
    },
    "node_modules/nan": {
      "version": "2.26.2",
      "resolved": "https://registry.npmjs.org/nan/-/nan-2.26.2.tgz",
      "integrity": "sha512-0tTvBTYkt3tdGw22nrAy50x7gpbGCCFH3AFcyS5WiUu7Eu4vWlri1woE6qHBSfy11vksDqkiwjOnlR7WV8G1Hw==",
      "license": "MIT"
    },
    "node_modules/tree-sitter-dart": {
      "version": "1.0.0",
      "resolved": "https://registry.npmjs.org/tree-sitter-dart/-/tree-sitter-dart-1.0.0.tgz",
      "integrity": "sha512-Ve5YMPJjjGW9LEsO+MngAOibQsw5obFp+bUT41pvwdcXWRwJImOWs3eaPi6AubEiBmc09qvhdvxeIXvxlhMnug==",
      "hasInstallScript": true,
      "license": "ISC",
      "dependencies": {
        "nan": "^2.15.0"
      }
    },
    "node_modules/tree-sitter-wasms": {
      "version": "0.1.13",
      "resolved": "https://registry.npmjs.org/tree-sitter-wasms/-/tree-sitter-wasms-0.1.13.tgz",
      "integrity": "sha512-wT+cR6DwaIz80/vho3AvSF0N4txuNx/5bcRKoXouOfClpxh/qqrF4URNLQXbbt8MaAxeksZcZd1j8gcGjc+QxQ==",
      "license": "Unlicense",
      "dependencies": {
        "tree-sitter-wasms": "^0.1.11"
      }
    },
    "node_modules/typescript": {
      "version": "5.9.3",
      "resolved": "https://registry.npmjs.org/typescript/-/typescript-5.9.3.tgz",
      "integrity": "sha512-jl1vZzPDinLr9eUt3J/t7V6FgNEw9QjvBPdysz9KfQDD41fQrC2Y4vKQdiaUpFT4bXlb1RHhLpp8wtm6M5TgSw==",
      "dev": true,
      "license": "Apache-2.0",
      "bin": {
        "tsc": "bin/tsc",
        "tsserver": "bin/tsserver"
      },
      "engines": {
        "node": ">=14.17"
      }
    },
    "node_modules/undici-types": {
      "version": "6.21.0",
      "resolved": "https://registry.npmjs.org/undici-types/-/undici-types-6.21.0.tgz",
      "integrity": "sha512-iwDZqg0QAGrg9Rav5H4n0M64c3mkR59cJ6wQp+7C4nI0gsmExaedaYLNO44eT4AtBBwjbTiGPMlt2Md0T9H9JQ==",
      "dev": true,
      "license": "MIT"
    },
    "node_modules/web-tree-sitter": {
      "version": "0.21.0",
      "resolved": "https://registry.npmjs.org/web-tree-sitter/-/web-tree-sitter-0.21.0.tgz",
      "integrity": "sha512-iJ+QJ6ikN9D9cG7Kh6q3KtAstYFUQbYZ8OjuPEJYWfj2kLrmp5I3C2n6WjE1Y3jvj7nJbkcrJytJGWUEhCxn+g==",
      "license": "MIT"
    }
  }
}
